
Microsoft Visual Studio Solution File, Format Version 12.00
# Visual Studio Version 17
VisualStudioVersion = 17.8.34330.188
MinimumVisualStudioVersion = 10.0.40219.1
Project("{9A19103F-16F7-4668-BE54-9A1E7A4F7556}") = "Tutorials.Web", "Tutorials.Web\Tutorials.Web.csproj", "{892A614F-D5BB-46BE-85FD-12793F44AE67}"
EndProject
Project("{2150E333-8FDC-42A3-9474-1A3956D46DE8}") = "Modules", "Modules", "{E061BD4F-5227-40EE-A63D-C6E961B9481C}"
EndProject
Project("{9A19103F-16F7-4668-BE54-9A1E7A4F7556}") = "Tutorials.Fields", "Modules\Tutorials.Fields\Tutorials.Fields.csproj", "{942B19DF-D499-40A0-BD1C-A686ACB3BDA7}"
EndProject
Global
	GlobalSection(SolutionConfigurationPlatforms) = preSolution
		Debug|Any CPU = Debug|Any CPU
		Release|Any CPU = Release|Any CPU
	EndGlobalSection
	GlobalSection(ProjectConfigurationPlatforms) = postSolution
		{892A614F-D5BB-46BE-85FD-12793F44AE67}.Debug|Any CPU.ActiveCfg = Debug|Any CPU
		{892A614F-D5BB-46BE-85FD-12793F44AE67}.Debug|Any CPU.Build.0 = Debug|Any CPU
		{892A614F-D5BB-46BE-85FD-12793F44AE67}.Release|Any CPU.ActiveCfg = Release|Any CPU
		{892A614F-D5BB-46BE-85FD-12793F44AE67}.Release|Any CPU.Build.0 = Release|Any CPU
		{942B19DF-D499-40A0-BD1C-A686ACB3BDA7}.Debug|Any CPU.ActiveCfg = Debug|Any CPU
		{942B19DF-D499-40A0-BD1C-A686ACB3BDA7}.Debug|Any CPU.Build.0 = Debug|Any CPU
		{942B19DF-D499-40A0-BD1C-A686ACB3BDA7}.Release|Any CPU.ActiveCfg = Release|Any CPU
		{942B19DF-D499-40A0-BD1C-A686ACB3BDA7}.Release|Any CPU.Build.0 = Release|Any CPU
	EndGlobalSection
	GlobalSection(SolutionProperties) = preSolution
		HideSolutionNode = FALSE
	EndGlobalSection
	GlobalSection(NestedProjects) = preSolution
		{942B19DF-D499-40A0-BD1C-A686ACB3BDA7} = {E061BD4F-5227-40EE-A63D-C6E961B9481C}
	EndGlobalSection
	GlobalSection(ExtensibilityGlobals) = postSolution
		SolutionGuid = {C48D59E9-B776-4FDA-B73F-E9A5B9AECF6B}
	EndGlobalSection
EndGlobal
